Microsoft Visual Studio Solution File, Format Version 12.00
# Visual Studio Version 17
VisualStudioVersion = 17.5.2.0
MinimumVisualStudioVersion = 10.0.40219.1
Project("{FAE04EC0-301F-11D3-BF4B-00C04F79EFBC}") = "labtracker", "labtracker.csproj", "{766176EF-E3C1-C020-FB40-AC05614E50DA}"
EndProject
Global
	GlobalSection(SolutionConfigurationPlatforms) = preSolution
		Debug|Any CPU = Debug|Any CPU
		Release|Any CPU = Release|Any CPU
	EndGlobalSection
	GlobalSection(ProjectConfigurationPlatforms) = postSolution
		{766176EF-E3C1-C020-FB40-AC05614E50DA}.Debug|Any CPU.ActiveCfg = Debug|Any CPU
		{766176EF-E3C1-C020-FB40-AC05614E50DA}.Debug|Any CPU.Build.0 = Debug|Any CPU
		{766176EF-E3C1-C020-FB40-AC05614E50DA}.Release|Any CPU.ActiveCfg = Release|Any CPU
		{766176EF-E3C1-C020-FB40-AC05614E50DA}.Release|Any CPU.Build.0 = Release|Any CPU
	EndGlobalSection
	GlobalSection(SolutionProperties) = preSolution
		HideSolutionNode = FALSE
	EndGlobalSection
	GlobalSection(ExtensibilityGlobals) = postSolution
		SolutionGuid = {E82C6A56-B9CF-4BA8-AF2A-06204C7FF274}
	EndGlobalSection
EndGlobal
